
Microsoft Visual Studio Solution File, Format Version 12.00
# Visual Studio Version 16
VisualStudioVersion = 16.0.31205.134
MinimumVisualStudioVersion = 10.0.40219.1
Project("{9A19103F-16F7-4668-BE54-9A1E7A4F7556}") = "ImageProcessor", "ImageProcessor.csproj", "{8AF7DE88-0D72-4E1C-96B0-F0BB7C09CDCA}"
EndProject
Project("{FAE04EC0-301F-11D3-BF4B-00C04F79EFBC}") = "ImageProcessorWebApp", "..\ImageProcessorWebApp\ImageProcessorWebApp.csproj", "{77974252-E08F-4D57-BCF0-6904B1E1D6E4}"
EndProject
Global
	GlobalSection(SolutionConfigurationPlatforms) = preSolution
		Debug|Any CPU = Debug|Any CPU
		Release|Any CPU = Release|Any CPU
	EndGlobalSection
	GlobalSection(ProjectConfigurationPlatforms) = postSolution
		{8AF7DE88-0D72-4E1C-96B0-F0BB7C09CDCA}.Debug|Any CPU.ActiveCfg = Debug|Any CPU
		{8AF7DE88-0D72-4E1C-96B0-F0BB7C09CDCA}.Debug|Any CPU.Build.0 = Debug|Any CPU
		{8AF7DE88-0D72-4E1C-96B0-F0BB7C09CDCA}.Release|Any CPU.ActiveCfg = Release|Any CPU
		{8AF7DE88-0D72-4E1C-96B0-F0BB7C09CDCA}.Release|Any CPU.Build.0 = Release|Any CPU
		{77974252-E08F-4D57-BCF0-6904B1E1D6E4}.Debug|Any CPU.ActiveCfg = Debug|Any CPU
		{77974252-E08F-4D57-BCF0-6904B1E1D6E4}.Debug|Any CPU.Build.0 = Debug|Any CPU
		{77974252-E08F-4D57-BCF0-6904B1E1D6E4}.Release|Any CPU.ActiveCfg = Release|Any CPU
		{77974252-E08F-4D57-BCF0-6904B1E1D6E4}.Release|Any CPU.Build.0 = Release|Any CPU
	EndGlobalSection
	GlobalSection(SolutionProperties) = preSolution
		HideSolutionNode = FALSE
	EndGlobalSection
	GlobalSection(ExtensibilityGlobals) = postSolution
		SolutionGuid = {E4D327DF-F737-4F3B-A602-7FD2BC533036}
	EndGlobalSection
EndGlobal
